// !$*UTF8*$!
{
	archiveVersion = 1;
	classes = {
	};
	objectVersion = 55;
	objects = {

/* Begin PBXBuildFile section */
		EA4E781427B1357200EF430D /* Create_AnimationApp.swift in Sources */ = {isa = PBXBuildFile; fileRef = EA4E781327B1357200EF430D /* Create_AnimationApp.swift */; };
		EA4E781627B1357200EF430D /* ContentView.swift in Sources */ = {isa = PBXBuildFile; fileRef = EA4E781527B1357200EF430D /* ContentView.swift */; };
		EA4E781827B1357300EF430D /* Assets.xcassets in Resources */ = {isa = PBXBuildFile; fileRef = EA4E781727B1357300EF430D /* Assets.xcassets */; };
		EA4E781B27B1357300EF430D /* Preview Assets.xcassets in Resources */ = {isa = PBXBuildFile; fileRef = EA4E781A27B1357300EF430D /* Preview Assets.xcassets */; };
		EA4E782227B136B900EF430D /* SquareView.swift in Sources */ = {isa = PBXBuildFile; fileRef = EA4E782127B136B900EF430D /* SquareView.swift */; };
		EA4E782427B136E600EF430D /* PathA.swift in Sources */ = {isa = PBXBuildFile; fileRef = EA4E782327B136E600EF430D /* PathA.swift */; };
		EA4E782627B1370D00EF430D /* CircleView.swift in Sources */ = {isa = PBXBuildFile; fileRef = EA4E782527B1370D00EF430D /* CircleView.swift */; };
		EA4E782827B137C700EF430D /* HummerView.swift in Sources */ = {isa = PBXBuildFile; fileRef = EA4E782727B137C700EF430D /* HummerView.swift */; };
		EA4E782A27B1381400EF430D /* JointPath.swift in Sources */ = {isa = PBXBuildFile; fileRef = EA4E782927B1381400EF430D /* JointPath.swift */; };
		EA4E782C27B1382F00EF430D /* PathB.swift in Sources */ = {isa = PBXBuildFile; fileRef = EA4E782B27B1382F00EF430D /* PathB.swift */; };
/* End PBXBuildFile section */

/* Begin PBXFileReference section */
		EA4E781027B1357200EF430D /* Create&Animation.app */ = {isa = PBXFileReference; explicitFileType = wrapper.application; includeInIndex = 0; path = "Create&Animation.app"; sourceTree = BUILT_PRODUCTS_DIR; };
		EA4E781327B1357200EF430D /* Create_AnimationApp.swift */ = {isa = PBXFileReference; lastKnownFileType = sourcecode.swift; path = Create_AnimationApp.swift; sourceTree = "<group>"; };
		EA4E781527B1357200EF430D /* ContentView.swift */ = {isa = PBXFileReference; lastKnownFileType = sourcecode.swift; path = ContentView.swift; sourceTree = "<group>"; };
		EA4E781727B1357300EF430D /* Assets.xcassets */ = {isa = PBXFileReference; lastKnownFileType = folder.assetcatalog; path = Assets.xcassets; sourceTree = "<group>"; };
		EA4E781A27B1357300EF430D /* Preview Assets.xcassets */ = {isa = PBXFileReference; lastKnownFileType = folder.assetcatalog; path = "Preview Assets.xcassets"; sourceTree = "<group>"; };
		EA4E782127B136B900EF430D /* SquareView.swift */ = {isa = PBXFileReference; lastKnownFileType = sourcecode.swift; path = SquareView.swift; sourceTree = "<group>"; };
		EA4E782327B136E600EF430D /* PathA.swift */ = {isa = PBXFileReference; lastKnownFileType = sourcecode.swift; path = PathA.swift; sourceTree = "<group>"; };
		EA4E782527B1370D00EF430D /* CircleView.swift */ = {isa = PBXFileReference; lastKnownFileType = sourcecode.swift; path = CircleView.swift; sourceTree = "<group>"; };
		EA4E782727B137C700EF430D /* HummerView.swift */ = {isa = PBXFileReference; lastKnownFileType = sourcecode.swift; path = HummerView.swift; sourceTree = "<group>"; };
		EA4E782927B1381400EF430D /* JointPath.swift */ = {isa = PBXFileReference; lastKnownFileType = sourcecode.swift; path = JointPath.swift; sourceTree = "<group>"; };
		EA4E782B27B1382F00EF430D /* PathB.swift */ = {isa = PBXFileReference; lastKnownFileType = sourcecode.swift; path = PathB.swift; sourceTree = "<group>"; };
/* End PBXFileReference section */

/* Begin PBXFrameworksBuildPhase section */
		EA4E780D27B1357200EF430D /* Frameworks */ = {
			isa = PBXFrameworksBuildPhase;
			buildActionMask = 2147483647;
			files = (
			);
			runOnlyForDeploymentPostprocessing = 0;
		};
/* End PBXFrameworksBuildPhase section */

/* Begin PBXGroup section */
		EA4E780727B1357200EF430D = {
			isa = PBXGroup;
			children = (
				EA4E781227B1357200EF430D /* Create&Animation */,
				EA4E781127B1357200EF430D /* Products */,
			);
			sourceTree = "<group>";
		};
		EA4E781127B1357200EF430D /* Products */ = {
			isa = PBXGroup;
			children = (
				EA4E781027B1357200EF430D /* Create&Animation.app */,
			);
			name = Products;
			sourceTree = "<group>";
		};
		EA4E781227B1357200EF430D /* Create&Animation */ = {
			isa = PBXGroup;
			children = (
				EA4E781327B1357200EF430D /* Create_AnimationApp.swift */,
				EA4E781527B1357200EF430D /* ContentView.swift */,
				EA4E782127B136B900EF430D /* SquareView.swift */,
				EA4E782327B136E600EF430D /* PathA.swift */,
				EA4E782B27B1382F00EF430D /* PathB.swift */,
				EA4E782927B1381400EF430D /* JointPath.swift */,
				EA4E782527B1370D00EF430D /* CircleView.swift */,
				EA4E782727B137C700EF430D /* HummerView.swift */,
				EA4E781727B1357300EF430D /* Assets.xcassets */,
				EA4E781927B1357300EF430D /* Preview Content */,
			);
			path = "Create&Animation";
			sourceTree = "<group>";
		};
		EA4E781927B1357300EF430D /* Preview Content */ = {
			isa = PBXGroup;
			children = (
				EA4E781A27B1357300EF430D /* Preview Assets.xcassets */,
			);
			path = "Preview Content";
			sourceTree = "<group>";
		};
/* End PBXGroup section */

/* Begin PBXNativeTarget section */
		EA4E780F27B1357200EF430D /* Create&Animation */ = {
			isa = PBXNativeTarget;
			buildConfigurationList = EA4E781E27B1357300EF430D /* Build configuration list for PBXNativeTarget "Create&Animation" */;
			buildPhases = (
				EA4E780C27B1357200EF430D /* Sources */,
				EA4E780D27B1357200EF430D /* Frameworks */,
				EA4E780E27B1357200EF430D /* Resources */,
			);
			buildRules = (
			);
			dependencies = (
			);
			name = "Create&Animation";
			productName = "Create&Animation";
			productReference = EA4E781027B1357200EF430D /* Create&Animation.app */;
			productType = "com.apple.product-type.application";
		};
/* End PBXNativeTarget section */

/* Begin PBXProject section */
		EA4E780827B1357200EF430D /* Project object */ = {
			isa = PBXProject;
			attributes = {
				BuildIndependentTargetsInParallel = 1;
				LastSwiftUpdateCheck = 1320;
				LastUpgradeCheck = 1320;
				TargetAttributes = {
					EA4E780F27B1357200EF430D = {
						CreatedOnToolsVersion = 13.2.1;
					};
				};
			};
			buildConfigurationList = EA4E780B27B1357200EF430D /* Build configuration list for PBXProject "Create&Animation" */;
			compatibilityVersion = "Xcode 13.0";
			developmentRegion = en;
			hasScannedForEncodings = 0;
			knownRegions = (
				en,
				Base,
			);
			mainGroup = EA4E780727B1357200EF430D;
			productRefGroup = EA4E781127B1357200EF430D /* Products */;
			projectDirPath = "";
			projectRoot = "";
			targets = (
				EA4E780F27B1357200EF430D /* Create&Animation */,
			);
		};
/* End PBXProject section */

/* Begin PBXResourcesBuildPhase section */
		EA4E780E27B1357200EF430D /* Resources */ = {
			isa = PBXResourcesBuildPhase;
			buildActionMask = 2147483647;
			files = (
				EA4E781B27B1357300EF430D /* Preview Assets.xcassets in Resources */,
				EA4E781827B1357300EF430D /* Assets.xcassets in Resources */,
			);
			runOnlyForDeploymentPostprocessing = 0;
		};
/* End PBXResourcesBuildPhase section */

/* Begin PBXSourcesBuildPhase section */
		EA4E780C27B1357200EF430D /* Sources */ = {
			isa = PBXSourcesBuildPhase;
			buildActionMask = 2147483647;
			files = (
				EA4E782827B137C700EF430D /* HummerView.swift in Sources */,
				EA4E782427B136E600EF430D /* PathA.swift in Sources */,
				EA4E782627B1370D00EF430D /* CircleView.swift in Sources */,
				EA4E782A27B1381400EF430D /* JointPath.swift in Sources */,
				EA4E782227B136B900EF430D /* SquareView.swift in Sources */,
				EA4E782C27B1382F00EF430D /* PathB.swift in Sources */,
				EA4E781627B1357200EF430D /* ContentView.swift in Sources */,
				EA4E781427B1357200EF430D /* Create_AnimationApp.swift in Sources */,
			);
			runOnlyForDeploymentPostprocessing = 0;
		};
/* End PBXSourcesBuildPhase section */

/* Begin XCBuildConfiguration section */
		EA4E781C27B1357300EF430D /* Debug */ = {
			isa = XCBuildConfiguration;
			buildSettings = {
				ALWAYS_SEARCH_USER_PATHS = NO;
				CLANG_ANALYZER_NONNULL = YES;
				CLANG_ANALYZER_NUMBER_OBJECT_CONVERSION = YES_AGGRESSIVE;
				CLANG_CXX_LANGUAGE_STANDARD = "gnu++17";
				CLANG_CXX_LIBRARY = "libc++";
				CLANG_ENABLE_MODULES = YES;
				CLANG_ENABLE_OBJC_ARC = YES;
				CLANG_ENABLE_OBJC_WEAK = YES;
				CLANG_WARN_BLOCK_CAPTURE_AUTORELEASING = YES;
				CLANG_WARN_BOOL_CONVERSION = YES;
				CLANG_WARN_COMMA = YES;
				CLANG_WARN_CONSTANT_CONVERSION = YES;
				CLANG_WARN_DEPRECATED_OBJC_IMPLEMENTATIONS = YES;
				CLANG_WARN_DIRECT_OBJC_ISA_USAGE = YES_ERROR;
				CLANG_WARN_DOCUMENTATION_COMMENTS = YES;
				CLANG_WARN_EMPTY_BODY = YES;
				CLANG_WARN_ENUM_CONVERSION = YES;
				CLANG_WARN_INFINITE_RECURSION = YES;
				CLANG_WARN_INT_CONVERSION = YES;
				CLANG_WARN_NON_LITERAL_NULL_CONVERSION = YES;
				CLANG_WARN_OBJC_IMPLICIT_RETAIN_SELF = YES;
				CLANG_WARN_OBJC_LITERAL_CONVERSION = YES;
				CLANG_WARN_OBJC_ROOT_CLASS = YES_ERROR;
				CLANG_WARN_QUOTED_INCLUDE_IN_FRAMEWORK_HEADER = YES;
				CLANG_WARN_RANGE_LOOP_ANALYSIS = YES;
				CLANG_WARN_STRICT_PROTOTYPES = YES;
				CLANG_WARN_SUSPICIOUS_MOVE = YES;
				CLANG_WARN_UNGUARDED_AVAILABILITY = YES_AGGRESSIVE;
				CLANG_WARN_UNREACHABLE_CODE = YES;
				CLANG_WARN__DUPLICATE_METHOD_MATCH = YES;
				COPY_PHASE_STRIP = NO;
				DEBUG_INFORMATION_FORMAT = dwarf;
				ENABLE_STRICT_OBJC_MSGSEND = YES;
				ENABLE_TESTABILITY = YES;
				GCC_C_LANGUAGE_STANDARD = gnu11;
				GCC_DYNAMIC_NO_PIC = NO;
				GCC_NO_COMMON_BLOCKS = YES;
				GCC_OPTIMIZATION_LEVEL = 0;
				GCC_PREPROCESSOR_DEFINITIONS = (
					"DEBUG=1",
					"$(inherited)",
				);
				GCC_WARN_64_TO_32_BIT_CONVERSION = YES;
				GCC_WARN_ABOUT_RETURN_TYPE = YES_ERROR;
				GCC_WARN_UNDECLARED_SELECTOR = YES;
				GCC_WARN_UNINITIALIZED_AUTOS = YES_AGGRESSIVE;
				GCC_WARN_UNUSED_FUNCTION = YES;
				GCC_WARN_UNUSED_VARIABLE = YES;
				IPHONEOS_DEPLOYMENT_TARGET = 15.2;
				MTL_ENABLE_DEBUG_INFO = INCLUDE_SOURCE;
				MTL_FAST_MATH = YES;
				ONLY_ACTIVE_ARCH = YES;
				SDKROOT = iphoneos;
				SWIFT_ACTIVE_COMPILATION_CONDITIONS = DEBUG;
				SWIFT_OPTIMIZATION_LEVEL = "-Onone";
			};
			name = Debug;
		};
		EA4E781D27B1357300EF430D /* Release */ = {
			isa = XCBuildConfiguration;
			buildSettings = {
				ALWAYS_SEARCH_USER_PATHS = NO;
				CLANG_ANALYZER_NONNULL = YES;
				CLANG_ANALYZER_NUMBER_OBJECT_CONVERSION = YES_AGGRESSIVE;
				CLANG_CXX_LANGUAGE_STANDARD = "gnu++17";
				CLANG_CXX_LIBRARY = "libc++";
				CLANG_ENABLE_MODULES = YES;
				CLANG_ENABLE_OBJC_ARC = YES;
				CLANG_ENABLE_OBJC_WEAK = YES;
				CLANG_WARN_BLOCK_CAPTURE_AUTORELEASING = YES;
				CLANG_WARN_BOOL_CONVERSION = YES;
				CLANG_WARN_COMMA = YES;
				CLANG_WARN_CONSTANT_CONVERSION = YES;
				CLANG_WARN_DEPRECATED_OBJC_IMPLEMENTATIONS = YES;
				CLANG_WARN_DIRECT_OBJC_ISA_USAGE = YES_ERROR;
				CLANG_WARN_DOCUMENTATION_COMMENTS = YES;
				CLANG_WARN_EMPTY_BODY = YES;
				CLANG_WARN_ENUM_CONVERSION = YES;
				CLANG_WARN_INFINITE_RECURSION = YES;
				CLANG_WARN_INT_CONVERSION = YES;
				CLANG_WARN_NON_LITERAL_NULL_CONVERSION = YES;
				CLANG_WARN_OBJC_IMPLICIT_RETAIN_SELF = YES;
				CLANG_WARN_OBJC_LITERAL_CONVERSION = YES;
				CLANG_WARN_OBJC_ROOT_CLASS = YES_ERROR;
				CLANG_WARN_QUOTED_INCLUDE_IN_FRAMEWORK_HEADER = YES;
				CLANG_WARN_RANGE_LOOP_ANALYSIS = YES;
				CLANG_WARN_STRICT_PROTOTYPES = YES;
				CLANG_WARN_SUSPICIOUS_MOVE = YES;
				CLANG_WARN_UNGUARDED_AVAILABILITY = YES_AGGRESSIVE;
				CLANG_WARN_UNREACHABLE_CODE = YES;
				CLANG_WARN__DUPLICATE_METHOD_MATCH = YES;
				COPY_PHASE_STRIP = NO;
				DEBUG_INFORMATION_FORMAT = "dwarf-with-dsym";
				ENABLE_NS_ASSERTIONS = NO;
				ENABLE_STRICT_OBJC_MSGSEND = YES;
				GCC_C_LANGUAGE_STANDARD = gnu11;
				GCC_NO_COMMON_BLOCKS = YES;
				GCC_WARN_64_TO_32_BIT_CONVERSION = YES;
				GCC_WARN_ABOUT_RETURN_TYPE = YES_ERROR;
				GCC_WARN_UNDECLARED_SELECTOR = YES;
				GCC_WARN_UNINITIALIZED_AUTOS = YES_AGGRESSIVE;
				GCC_WARN_UNUSED_FUNCTION = YES;
				GCC_WARN_UNUSED_VARIABLE = YES;
				IPHONEOS_DEPLOYMENT_TARGET = 15.2;
				MTL_ENABLE_DEBUG_INFO = NO;
				MTL_FAST_MATH = YES;
				SDKROOT = iphoneos;
				SWIFT_COMPILATION_MODE = wholemodule;
				SWIFT_OPTIMIZATION_LEVEL = "-O";
				VALIDATE_PRODUCT = YES;
			};
			name = Release;
		};
		EA4E781F27B1357300EF430D /* Debug */ = {
			isa = XCBuildConfiguration;
			buildSettings = {
				ASSETCATALOG_COMPILER_APPICON_NAME = AppIcon;
				ASSETCATALOG_COMPILER_GLOBAL_ACCENT_COLOR_NAME = AccentColor;
				CODE_SIGN_STYLE = Automatic;
				CURRENT_PROJECT_VERSION = 1;
				DEVELOPMENT_ASSET_PATHS = "\"Create&Animation/Preview Content\"";
				DEVELOPMENT_TEAM = 2V3Q6RCHJL;
				ENABLE_PREVIEWS = YES;
				GENERATE_INFOPLIST_FILE = YES;
				INFOPLIST_KEY_UIApplicationSceneManifest_Generation = YES;
				INFOPLIST_KEY_UIApplicationSupportsIndirectInputEvents = YES;
				INFOPLIST_KEY_UILaunchScreen_Generation = YES;
				INFOPLIST_KEY_UISupportedInterfaceOrientations_iPad = "UIInterfaceOrientationPortrait UIInterfaceOrientationPortraitUpsideDown UIInterfaceOrientationLandscapeLeft UIInterfaceOrientationLandscapeRight";
				INFOPLIST_KEY_UISupportedInterfaceOrientations_iPhone = "UIInterfaceOrientationPortrait UIInterfaceOrientationLandscapeLeft UIInterfaceOrientationLandscapeRight";
				LD_RUNPATH_SEARCH_PATHS = (
					"$(inherited)",
					"@executable_path/Frameworks",
				);
				MARKETING_VERSION = 1.0;
				PRODUCT_BUNDLE_IDENTIFIER = "swift.Create-Animation";
				PRODUCT_NAME = "$(TARGET_NAME)";
				SWIFT_EMIT_LOC_STRINGS = YES;
				SWIFT_VERSION = 5.0;
				TARGETED_DEVICE_FAMILY = "1,2";
			};
			name = Debug;
		};
		EA4E782027B1357300EF430D /* Release */ = {
			isa = XCBuildConfiguration;
			buildSettings = {
				ASSETCATALOG_COMPILER_APPICON_NAME = AppIcon;
				ASSETCATALOG_COMPILER_GLOBAL_ACCENT_COLOR_NAME = AccentColor;
				CODE_SIGN_STYLE = Automatic;
				CURRENT_PROJECT_VERSION = 1;
				DEVELOPMENT_ASSET_PATHS = "\"Create&Animation/Preview Content\"";
				DEVELOPMENT_TEAM = 2V3Q6RCHJL;
				ENABLE_PREVIEWS = YES;
				GENERATE_INFOPLIST_FILE = YES;
				INFOPLIST_KEY_UIApplicationSceneManifest_Generation = YES;
				INFOPLIST_KEY_UIApplicationSupportsIndirectInputEvents = YES;
				INFOPLIST_KEY_UILaunchScreen_Generation = YES;
				INFOPLIST_KEY_UISupportedInterfaceOrientations_iPad = "UIInterfaceOrientationPortrait UIInterfaceOrientationPortraitUpsideDown UIInterfaceOrientationLandscapeLeft UIInterfaceOrientationLandscapeRight";
				INFOPLIST_KEY_UISupportedInterfaceOrientations_iPhone = "UIInterfaceOrientationPortrait UIInterfaceOrientationLandscapeLeft UIInterfaceOrientationLandscapeRight";
				LD_RUNPATH_SEARCH_PATHS = (
					"$(inherited)",
					"@executable_path/Frameworks",
				);
				MARKETING_VERSION = 1.0;
				PRODUCT_BUNDLE_IDENTIFIER = "swift.Create-Animation";
				PRODUCT_NAME = "$(TARGET_NAME)";
				SWIFT_EMIT_LOC_STRINGS = YES;
				SWIFT_VERSION = 5.0;
				TARGETED_DEVICE_FAMILY = "1,2";
			};
			name = Release;
		};
/* End XCBuildConfiguration section */

/* Begin XCConfigurationList section */
		EA4E780B27B1357200EF430D /* Build configuration list for PBXProject "Create&Animation" */ = {
			isa = XCConfigurationList;
			buildConfigurations = (
				EA4E781C27B1357300EF430D /* Debug */,
				EA4E781D27B1357300EF430D /* Release */,
			);
			defaultConfigurationIsVisible = 0;
			defaultConfigurationName = Release;
		};
		EA4E781E27B1357300EF430D /* Build configuration list for PBXNativeTarget "Create&Animation" */ = {
			isa = XCConfigurationList;
			buildConfigurations = (
				EA4E781F27B1357300EF430D /* Debug */,
				EA4E782027B1357300EF430D /* Release */,
			);
			defaultConfigurationIsVisible = 0;
			defaultConfigurationName = Release;
		};
/* End XCConfigurationList section */
	};
	rootObject = EA4E780827B1357200EF430D /* Project object */;
}
